
Microsoft Visual Studio Solution File, Format Version 12.00
# Visual Studio Version 17
VisualStudioVersion = 17.8.34408.163
MinimumVisualStudioVersion = 10.0.40219.1
Project("{9A19103F-16F7-4668-BE54-9A1E7A4F7556}") = "employee_demo", "employee_demo\employee_demo.csproj", "{2C64EE3C-1EA8-47D9-9D6A-7426B8B8777F}"
EndProject
Project("{9A19103F-16F7-4668-BE54-9A1E7A4F7556}") = "Emp_Core", "Emp_Core\Emp_Core.csproj", "{F88620AC-F5DA-414E-8E7E-56C41EAAF4E6}"
EndProject
Project("{FAE04EC0-301F-11D3-BF4B-00C04F79EFBC}") = "Emp_Services", "Emp_Services\Emp_Services.csproj", "{6C47558E-48E5-4AEB-8149-E059E78D410D}"
EndProject
Project("{FAE04EC0-301F-11D3-BF4B-00C04F79EFBC}") = "Emp_Infrastructure", "Emp_Infrastructure\Emp_Infrastructure.csproj", "{66C850AB-19FD-435C-949A-35F452600522}"
EndProject
Global
	GlobalSection(SolutionConfigurationPlatforms) = preSolution
		Debug|Any CPU = Debug|Any CPU
		Release|Any CPU = Release|Any CPU
	EndGlobalSection
	GlobalSection(ProjectConfigurationPlatforms) = postSolution
		{2C64EE3C-1EA8-47D9-9D6A-7426B8B8777F}.Debug|Any CPU.ActiveCfg = Debug|Any CPU
		{2C64EE3C-1EA8-47D9-9D6A-7426B8B8777F}.Debug|Any CPU.Build.0 = Debug|Any CPU
		{2C64EE3C-1EA8-47D9-9D6A-7426B8B8777F}.Release|Any CPU.ActiveCfg = Release|Any CPU
		{2C64EE3C-1EA8-47D9-9D6A-7426B8B8777F}.Release|Any CPU.Build.0 = Release|Any CPU
		{F88620AC-F5DA-414E-8E7E-56C41EAAF4E6}.Debug|Any CPU.ActiveCfg = Debug|Any CPU
		{F88620AC-F5DA-414E-8E7E-56C41EAAF4E6}.Debug|Any CPU.Build.0 = Debug|Any CPU
		{F88620AC-F5DA-414E-8E7E-56C41EAAF4E6}.Release|Any CPU.ActiveCfg = Release|Any CPU
		{F88620AC-F5DA-414E-8E7E-56C41EAAF4E6}.Release|Any CPU.Build.0 = Release|Any CPU
		{6C47558E-48E5-4AEB-8149-E059E78D410D}.Debug|Any CPU.ActiveCfg = Debug|Any CPU
		{6C47558E-48E5-4AEB-8149-E059E78D410D}.Debug|Any CPU.Build.0 = Debug|Any CPU
		{6C47558E-48E5-4AEB-8149-E059E78D410D}.Release|Any CPU.ActiveCfg = Release|Any CPU
		{6C47558E-48E5-4AEB-8149-E059E78D410D}.Release|Any CPU.Build.0 = Release|Any CPU
		{66C850AB-19FD-435C-949A-35F452600522}.Debug|Any CPU.ActiveCfg = Debug|Any CPU
		{66C850AB-19FD-435C-949A-35F452600522}.Debug|Any CPU.Build.0 = Debug|Any CPU
		{66C850AB-19FD-435C-949A-35F452600522}.Release|Any CPU.ActiveCfg = Release|Any CPU
		{66C850AB-19FD-435C-949A-35F452600522}.Release|Any CPU.Build.0 = Release|Any CPU
	EndGlobalSection
	GlobalSection(SolutionProperties) = preSolution
		HideSolutionNode = FALSE
	EndGlobalSection
	GlobalSection(ExtensibilityGlobals) = postSolution
		SolutionGuid = {DA184819-F27D-49EF-87A2-25C76E373254}
	EndGlobalSection
EndGlobal
